[[package]]
name = "computas-package"
version = "0.1.0"
description = ""
category = "main"
optional = false
python-versions = ">=3.7,<4.0"

[package.source]
type = "legacy"
url = "https://europe-west1-python.pkg.dev/computas-project-345810/test-repo2/simple"
reference = "google"

[metadata]
lock-version = "1.1"
python-versions = "^3.7"
content-hash = "fa1a50b2412e4df19cdaac7bd8738fc65ed921aad7ea188049d1b8a39f542ebc"

[metadata.files]
computas-package = [
    {file = "computas-package-0.1.0.tar.gz", hash = "sha256:8b89a96e20710d2c20159121178bf6f4663e920d60c6053057bea32a6faf21a3"},
    {file = "computas_package-0.1.0-py3-none-any.whl", hash = "sha256:0ab2da0eb8515574c11aac5e576fb9dfa745f8c02f517669faeea1e507ecf1f4"},
]
